
Microsoft Visual Studio Solution File, Format Version 12.00
# Visual Studio Version 17
VisualStudioVersion = 17.3.32811.315
MinimumVisualStudioVersion = 10.0.40219.1
Project("{9A19103F-16F7-4668-BE54-9A1E7A4F7556}") = "Challenge1", "Challenge1\Challenge1.csproj", "{C50603A0-BEC8-4AEA-9895-4BB3D8002C78}"
EndProject
Project("{FAE04EC0-301F-11D3-BF4B-00C04F79EFBC}") = "FriendRecommendation", "FriendRecommendation\FriendRecommendation.csproj", "{B00351A4-4D0B-4287-A076-AFD61A322023}"
EndProject
Global
	GlobalSection(SolutionConfigurationPlatforms) = preSolution
		Debug|Any CPU = Debug|Any CPU
		Release|Any CPU = Release|Any CPU
	EndGlobalSection
	GlobalSection(ProjectConfigurationPlatforms) = postSolution
		{C50603A0-BEC8-4AEA-9895-4BB3D8002C78}.Debug|Any CPU.ActiveCfg = Debug|Any CPU
		{C50603A0-BEC8-4AEA-9895-4BB3D8002C78}.Debug|Any CPU.Build.0 = Debug|Any CPU
		{C50603A0-BEC8-4AEA-9895-4BB3D8002C78}.Release|Any CPU.ActiveCfg = Release|Any CPU
		{C50603A0-BEC8-4AEA-9895-4BB3D8002C78}.Release|Any CPU.Build.0 = Release|Any CPU
		{B00351A4-4D0B-4287-A076-AFD61A322023}.Debug|Any CPU.ActiveCfg = Debug|Any CPU
		{B00351A4-4D0B-4287-A076-AFD61A322023}.Debug|Any CPU.Build.0 = Debug|Any CPU
		{B00351A4-4D0B-4287-A076-AFD61A322023}.Release|Any CPU.ActiveCfg = Release|Any CPU
		{B00351A4-4D0B-4287-A076-AFD61A322023}.Release|Any CPU.Build.0 = Release|Any CPU
	EndGlobalSection
	GlobalSection(SolutionProperties) = preSolution
		HideSolutionNode = FALSE
	EndGlobalSection
	GlobalSection(ExtensibilityGlobals) = postSolution
		SolutionGuid = {5C31390E-4976-4C57-BD0D-0818F25AAE9E}
	EndGlobalSection
EndGlobal
