
Microsoft Visual Studio Solution File, Format Version 12.00
# Visual Studio Version 16
VisualStudioVersion = 16.0.31402.337
MinimumVisualStudioVersion = 10.0.40219.1
Project("{9A19103F-16F7-4668-BE54-9A1E7A4F7556}") = "Challenge1", "Challenge1\Challenge1.csproj", "{C50603A0-BEC8-4AEA-9895-4BB3D8002C78}"
EndProject
Project("{FAE04EC0-301F-11D3-BF4B-00C04F79EFBC}") = "Challenge2", "Challenge2\Challenge2.csproj", "{5D34FEB8-9D41-4711-9118-330F0C4625F1}"
EndProject
Global
	GlobalSection(SolutionConfigurationPlatforms) = preSolution
		Debug|Any CPU = Debug|Any CPU
		Release|Any CPU = Release|Any CPU
	EndGlobalSection
	GlobalSection(ProjectConfigurationPlatforms) = postSolution
		{C50603A0-BEC8-4AEA-9895-4BB3D8002C78}.Debug|Any CPU.ActiveCfg = Debug|Any CPU
		{C50603A0-BEC8-4AEA-9895-4BB3D8002C78}.Debug|Any CPU.Build.0 = Debug|Any CPU
		{C50603A0-BEC8-4AEA-9895-4BB3D8002C78}.Release|Any CPU.ActiveCfg = Release|Any CPU
		{C50603A0-BEC8-4AEA-9895-4BB3D8002C78}.Release|Any CPU.Build.0 = Release|Any CPU
		{5D34FEB8-9D41-4711-9118-330F0C4625F1}.Debug|Any CPU.ActiveCfg = Debug|Any CPU
		{5D34FEB8-9D41-4711-9118-330F0C4625F1}.Debug|Any CPU.Build.0 = Debug|Any CPU
		{5D34FEB8-9D41-4711-9118-330F0C4625F1}.Release|Any CPU.ActiveCfg = Release|Any CPU
		{5D34FEB8-9D41-4711-9118-330F0C4625F1}.Release|Any CPU.Build.0 = Release|Any CPU
	EndGlobalSection
	GlobalSection(SolutionProperties) = preSolution
		HideSolutionNode = FALSE
	EndGlobalSection
	GlobalSection(ExtensibilityGlobals) = postSolution
		SolutionGuid = {5C31390E-4976-4C57-BD0D-0818F25AAE9E}
	EndGlobalSection
EndGlobal
